{
  "version": 4,
  "terraform_version": "1.6.6",
  "serial": 5,
  "lineage": "73bd37e5-e0f9-2651-f454-7e0bdbb51d32",
  "outputs": {},
  "resources": [
    {
      "mode": "data",
      "type": "google_billing_account",
      "name": "acct",
      "provider": "provider[\"registry.terraform.io/hashicorp/google\"]",
      "instances": [
        {
          "schema_version": 0,
          "attributes": {
            "billing_account": null,
            "display_name": "My Billing Account",
            "id": "01119B-C5F23B-0003DF",
            "lookup_projects": true,
            "name": "billingAccounts/01119B-C5F23B-0003DF",
            "open": true,
            "project_ids": [
              "green-space-411522"
            ]
          },
          "sensitive_attributes": []
        }
      ]
    },
    {
      "mode": "managed",
      "type": "google_project",
      "name": "testproject",
      "provider": "provider[\"registry.terraform.io/hashicorp/google\"]",
      "instances": [
        {
          "schema_version": 1,
          "attributes": {
            "auto_create_network": true,
            "billing_account": "01119B-C5F23B-0003DF",
            "effective_labels": {},
            "folder_id": null,
            "id": "projects/hvmjgrf",
            "labels": null,
            "name": "OCT-GCP-TEAM3",
            "number": "261566525250",
            "org_id": null,
            "project_id": "hvmjgrf",
            "skip_delete": null,
            "terraform_labels": {},
            "timeouts": null
          },
          "sensitive_attributes": [],
          "private": "eyJlMmJmYjczMC1lY2FhLTExZTYtOGY4OC0zNDM2M2JjN2M0YzAiOnsiY3JlYXRlIjo2MDAwMDAwMDAwMDAsImRlbGV0ZSI6NjAwMDAwMDAwMDAwLCJyZWFkIjo2MDAwMDAwMDAwMDAsInVwZGF0ZSI6NjAwMDAwMDAwMDAwfSwic2NoZW1hX3ZlcnNpb24iOiIxIn0=",
          "dependencies": [
            "data.google_billing_account.acct",
            "random_string.random"
          ]
        }
      ]
    },
    {
      "mode": "managed",
      "type": "null_resource",
      "name": "enable-apis",
      "provider": "provider[\"registry.terraform.io/hashicorp/null\"]",
      "instances": [
        {
          "schema_version": 0,
          "attributes": {
            "id": "326466929528273378",
            "triggers": {
              "always_run": "2024-01-24T21:07:58Z"
            }
          },
          "sensitive_attributes": [],
          "dependencies": [
            "data.google_billing_account.acct",
            "google_project.testproject",
            "null_resource.set-project",
            "random_string.random"
          ]
        }
      ]
    },
    {
      "mode": "managed",
      "type": "null_resource",
      "name": "set-project",
      "provider": "provider[\"registry.terraform.io/hashicorp/null\"]",
      "instances": [
        {
          "schema_version": 0,
          "attributes": {
            "id": "6626870830412256515",
            "triggers": {
              "always_run": "2024-01-24T21:07:57Z"
            }
          },
          "sensitive_attributes": [],
          "dependencies": [
            "data.google_billing_account.acct",
            "google_project.testproject",
            "random_string.random"
          ]
        }
      ]
    },
    {
      "mode": "managed",
      "type": "random_string",
      "name": "random",
      "provider": "provider[\"registry.terraform.io/hashicorp/random\"]",
      "instances": [
        {
          "schema_version": 2,
          "attributes": {
            "id": "hvmjgrf",
            "keepers": null,
            "length": 7,
            "lower": true,
            "min_lower": 0,
            "min_numeric": 0,
            "min_special": 0,
            "min_upper": 0,
            "number": false,
            "numeric": false,
            "override_special": "/@£$",
            "result": "hvmjgrf",
            "special": false,
            "upper": false
          },
          "sensitive_attributes": []
        }
      ]
    }
  ],
  "check_results": null
}
